
Microsoft Visual Studio Solution File, Format Version 12.00
# Visual Studio Version 16
VisualStudioVersion = 16.0.30225.117
MinimumVisualStudioVersion = 10.0.40219.1
Project("{8BC9CEB8-8B4A-11D0-8D11-00A0C91BC942}") = "IntermediateFileReading", "IntermediateFileReading\IntermediateFileReading.vcxproj", "{6496CC27-0645-45C7-82B9-A6788C814317}"
EndProject
Project("{8BC9CEB8-8B4A-11D0-8D11-00A0C91BC942}") = "FStreamExample", "BasicFileInputOutput\FStreamExample.vcxproj", "{7076D9F9-2305-4F42-824C-ED4BD6F963B9}"
EndProject
Project("{8BC9CEB8-8B4A-11D0-8D11-00A0C91BC942}") = "MathExpressionGenerator", "MathExpressionGenerator\MathExpressionGenerator.vcxproj", "{6441783C-791F-4EC4-AA81-E994C5C0C465}"
EndProject
Global
	GlobalSection(SolutionConfigurationPlatforms) = preSolution
		Debug|x64 = Debug|x64
		Debug|x86 = Debug|x86
		Release|x64 = Release|x64
		Release|x86 = Release|x86
	EndGlobalSection
	GlobalSection(ProjectConfigurationPlatforms) = postSolution
		{6496CC27-0645-45C7-82B9-A6788C814317}.Debug|x64.ActiveCfg = Debug|x64
		{6496CC27-0645-45C7-82B9-A6788C814317}.Debug|x64.Build.0 = Debug|x64
		{6496CC27-0645-45C7-82B9-A6788C814317}.Debug|x86.ActiveCfg = Debug|Win32
		{6496CC27-0645-45C7-82B9-A6788C814317}.Debug|x86.Build.0 = Debug|Win32
		{6496CC27-0645-45C7-82B9-A6788C814317}.Release|x64.ActiveCfg = Release|x64
		{6496CC27-0645-45C7-82B9-A6788C814317}.Release|x64.Build.0 = Release|x64
		{6496CC27-0645-45C7-82B9-A6788C814317}.Release|x86.ActiveCfg = Release|Win32
		{6496CC27-0645-45C7-82B9-A6788C814317}.Release|x86.Build.0 = Release|Win32
		{7076D9F9-2305-4F42-824C-ED4BD6F963B9}.Debug|x64.ActiveCfg = Debug|x64
		{7076D9F9-2305-4F42-824C-ED4BD6F963B9}.Debug|x64.Build.0 = Debug|x64
		{7076D9F9-2305-4F42-824C-ED4BD6F963B9}.Debug|x86.ActiveCfg = Debug|Win32
		{7076D9F9-2305-4F42-824C-ED4BD6F963B9}.Debug|x86.Build.0 = Debug|Win32
		{7076D9F9-2305-4F42-824C-ED4BD6F963B9}.Release|x64.ActiveCfg = Release|x64
		{7076D9F9-2305-4F42-824C-ED4BD6F963B9}.Release|x64.Build.0 = Release|x64
		{7076D9F9-2305-4F42-824C-ED4BD6F963B9}.Release|x86.ActiveCfg = Release|Win32
		{7076D9F9-2305-4F42-824C-ED4BD6F963B9}.Release|x86.Build.0 = Release|Win32
		{6441783C-791F-4EC4-AA81-E994C5C0C465}.Debug|x64.ActiveCfg = Debug|x64
		{6441783C-791F-4EC4-AA81-E994C5C0C465}.Debug|x64.Build.0 = Debug|x64
		{6441783C-791F-4EC4-AA81-E994C5C0C465}.Debug|x86.ActiveCfg = Debug|Win32
		{6441783C-791F-4EC4-AA81-E994C5C0C465}.Debug|x86.Build.0 = Debug|Win32
		{6441783C-791F-4EC4-AA81-E994C5C0C465}.Release|x64.ActiveCfg = Release|x64
		{6441783C-791F-4EC4-AA81-E994C5C0C465}.Release|x64.Build.0 = Release|x64
		{6441783C-791F-4EC4-AA81-E994C5C0C465}.Release|x86.ActiveCfg = Release|Win32
		{6441783C-791F-4EC4-AA81-E994C5C0C465}.Release|x86.Build.0 = Release|Win32
	EndGlobalSection
	GlobalSection(SolutionProperties) = preSolution
		HideSolutionNode = FALSE
	EndGlobalSection
	GlobalSection(ExtensibilityGlobals) = postSolution
		SolutionGuid = {5AC9F916-93B6-45AF-B328-E3BD687BE9C9}
	EndGlobalSection
EndGlobal
